hash: 174a75599fe819f62acc3020cef5dd21cd61234eb3adef7bcf76625c89ff734f
updated: 2018-03-20T11:24:58.487183+01:00
imports:
- name: github.com/kyokomi/emoji
  version: 7e06b236c489543f53868841f188a294e3383eab
- name: gopkg.in/urfave/cli.v2
  version: d3ae77c26ac8db90639677e4831a728d33c36111
testImports: []
